// !$*UTF8*$!
{
	archiveVersion = 1;
	classes = {
	};
	objectVersion = 55;
	objects = {

/* Begin PBXBuildFile section */
		0495E2D72722F75800F53132 /* QuestionApp.swift in Sources */ = {isa = PBXBuildFile; fileRef = 0495E2D62722F75800F53132 /* QuestionApp.swift */; };
		0495E2DB2722F75A00F53132 /* Assets.xcassets in Resources */ = {isa = PBXBuildFile; fileRef = 0495E2DA2722F75A00F53132 /* Assets.xcassets */; };
		0495E2F42722F9C700F53132 /* Question.swift in Sources */ = {isa = PBXBuildFile; fileRef = 0495E2F32722F9C700F53132 /* Question.swift */; };
		0495E2F62722FB9300F53132 /* Answer.swift in Sources */ = {isa = PBXBuildFile; fileRef = 0495E2F52722FB9300F53132 /* Answer.swift */; };
		0495E2FA2722FF3300F53132 /* ViewModel.swift in Sources */ = {isa = PBXBuildFile; fileRef = 0495E2F92722FF3300F53132 /* ViewModel.swift */; };
		0495E3032723415800F53132 /* FirebaseAnalytics in Frameworks */ = {isa = PBXBuildFile; productRef = 0495E3022723415800F53132 /* FirebaseAnalytics */; };
		0495E3072723415800F53132 /* FirebaseFirestore in Frameworks */ = {isa = PBXBuildFile; productRef = 0495E3062723415800F53132 /* FirebaseFirestore */; };
		0495E309272341AA00F53132 /* FirebaseHelper.swift in Sources */ = {isa = PBXBuildFile; fileRef = 0495E308272341AA00F53132 /* FirebaseHelper.swift */; };
		0495E30B2723426D00F53132 /* GoogleService-Info.plist in Resources */ = {isa = PBXBuildFile; fileRef = 0495E30A2723426D00F53132 /* GoogleService-Info.plist */; };
		0495E30D2723439800F53132 /* RootView.swift in Sources */ = {isa = PBXBuildFile; fileRef = 0495E30C2723439800F53132 /* RootView.swift */; };
		0495E3122723462000F53132 /* SignUpView.swift in Sources */ = {isa = PBXBuildFile; fileRef = 0495E3112723462000F53132 /* SignUpView.swift */; };
		0495E31627234E0500F53132 /* User.swift in Sources */ = {isa = PBXBuildFile; fileRef = 0495E31527234E0500F53132 /* User.swift */; };
		0495E3182724928100F53132 /* UserView.swift in Sources */ = {isa = PBXBuildFile; fileRef = 0495E3172724928100F53132 /* UserView.swift */; };
		0495E31A2724933000F53132 /* QuestionView.swift in Sources */ = {isa = PBXBuildFile; fileRef = 0495E3192724933000F53132 /* QuestionView.swift */; };
		0495E31C2724A88100F53132 /* Field.swift in Sources */ = {isa = PBXBuildFile; fileRef = 0495E31B2724A88100F53132 /* Field.swift */; };
		0495E31E2724A95D00F53132 /* RoomView.swift in Sources */ = {isa = PBXBuildFile; fileRef = 0495E31D2724A95D00F53132 /* RoomView.swift */; };
		0495E32027254D7B00F53132 /* MyQuestionView.swift in Sources */ = {isa = PBXBuildFile; fileRef = 0495E31F27254D7B00F53132 /* MyQuestionView.swift */; };
/* End PBXBuildFile section */

/* Begin PBXFileReference section */
		0495E2D32722F75800F53132 /* Question.app */ = {isa = PBXFileReference; explicitFileType = wrapper.application; includeInIndex = 0; path = Question.app; sourceTree = BUILT_PRODUCTS_DIR; };
		0495E2D62722F75800F53132 /* QuestionApp.swift */ = {isa = PBXFileReference; lastKnownFileType = sourcecode.swift; path = QuestionApp.swift; sourceTree = "<group>"; };
		0495E2DA2722F75A00F53132 /* Assets.xcassets */ = {isa = PBXFileReference; lastKnownFileType = folder.assetcatalog; path = Assets.xcassets; sourceTree = "<group>"; };
		0495E2F32722F9C700F53132 /* Question.swift */ = {isa = PBXFileReference; lastKnownFileType = sourcecode.swift; path = Question.swift; sourceTree = "<group>"; };
		0495E2F52722FB9300F53132 /* Answer.swift */ = {isa = PBXFileReference; lastKnownFileType = sourcecode.swift; path = Answer.swift; sourceTree = "<group>"; };
		0495E2F92722FF3300F53132 /* ViewModel.swift */ = {isa = PBXFileReference; lastKnownFileType = sourcecode.swift; path = ViewModel.swift; sourceTree = "<group>"; };
		0495E308272341AA00F53132 /* FirebaseHelper.swift */ = {isa = PBXFileReference; fileEncoding = 4; lastKnownFileType = sourcecode.swift; path = FirebaseHelper.swift; sourceTree = "<group>"; };
		0495E30A2723426D00F53132 /* GoogleService-Info.plist */ = {isa = PBXFileReference; fileEncoding = 4; lastKnownFileType = text.plist.xml; path = "GoogleService-Info.plist"; sourceTree = "<group>"; };
		0495E30C2723439800F53132 /* RootView.swift */ = {isa = PBXFileReference; lastKnownFileType = sourcecode.swift; path = RootView.swift; sourceTree = "<group>"; };
		0495E3112723462000F53132 /* SignUpView.swift */ = {isa = PBXFileReference; lastKnownFileType = sourcecode.swift; path = SignUpView.swift; sourceTree = "<group>"; };
		0495E31527234E0500F53132 /* User.swift */ = {isa = PBXFileReference; lastKnownFileType = sourcecode.swift; path = User.swift; sourceTree = "<group>"; };
		0495E3172724928100F53132 /* UserView.swift */ = {isa = PBXFileReference; lastKnownFileType = sourcecode.swift; path = UserView.swift; sourceTree = "<group>"; };
		0495E3192724933000F53132 /* QuestionView.swift */ = {isa = PBXFileReference; lastKnownFileType = sourcecode.swift; path = QuestionView.swift; sourceTree = "<group>"; };
		0495E31B2724A88100F53132 /* Field.swift */ = {isa = PBXFileReference; lastKnownFileType = sourcecode.swift; path = Field.swift; sourceTree = "<group>"; };
		0495E31D2724A95D00F53132 /* RoomView.swift */ = {isa = PBXFileReference; lastKnownFileType = sourcecode.swift; path = RoomView.swift; sourceTree = "<group>"; };
		0495E31F27254D7B00F53132 /* MyQuestionView.swift */ = {isa = PBXFileReference; lastKnownFileType = sourcecode.swift; path = MyQuestionView.swift; sourceTree = "<group>"; };
/* End PBXFileReference section */

/* Begin PBXFrameworksBuildPhase section */
		0495E2D02722F75800F53132 /* Frameworks */ = {
			isa = PBXFrameworksBuildPhase;
			buildActionMask = 2147483647;
			files = (
				0495E3032723415800F53132 /* FirebaseAnalytics in Frameworks */,
				0495E3072723415800F53132 /* FirebaseFirestore in Frameworks */,
			);
			runOnlyForDeploymentPostprocessing = 0;
		};
/* End PBXFrameworksBuildPhase section */

/* Begin PBXGroup section */
		0495E2CA2722F75800F53132 = {
			isa = PBXGroup;
			children = (
				0495E2D52722F75800F53132 /* Question */,
				0495E2D42722F75800F53132 /* Products */,
			);
			sourceTree = "<group>";
		};
		0495E2D42722F75800F53132 /* Products */ = {
			isa = PBXGroup;
			children = (
				0495E2D32722F75800F53132 /* Question.app */,
			);
			name = Products;
			sourceTree = "<group>";
		};
		0495E2D52722F75800F53132 /* Question */ = {
			isa = PBXGroup;
			children = (
				0495E2D62722F75800F53132 /* QuestionApp.swift */,
				0495E2DA2722F75A00F53132 /* Assets.xcassets */,
				0495E30A2723426D00F53132 /* GoogleService-Info.plist */,
				0495E2E42722F79000F53132 /* Views */,
				0495E2EE2722F81300F53132 /* View Models */,
				0495E2ED2722F80D00F53132 /* Models */,
			);
			path = Question;
			sourceTree = "<group>";
		};
		0495E2E42722F79000F53132 /* Views */ = {
			isa = PBXGroup;
			children = (
				0495E30C2723439800F53132 /* RootView.swift */,
				0495E3112723462000F53132 /* SignUpView.swift */,
				0495E3172724928100F53132 /* UserView.swift */,
				0495E31F27254D7B00F53132 /* MyQuestionView.swift */,
				0495E31D2724A95D00F53132 /* RoomView.swift */,
				0495E3192724933000F53132 /* QuestionView.swift */,
			);
			path = Views;
			sourceTree = "<group>";
		};
		0495E2ED2722F80D00F53132 /* Models */ = {
			isa = PBXGroup;
			children = (
				0495E31527234E0500F53132 /* User.swift */,
				0495E2F32722F9C700F53132 /* Question.swift */,
				0495E2F52722FB9300F53132 /* Answer.swift */,
				0495E31B2724A88100F53132 /* Field.swift */,
			);
			path = Models;
			sourceTree = "<group>";
		};
		0495E2EE2722F81300F53132 /* View Models */ = {
			isa = PBXGroup;
			children = (
				0495E2F92722FF3300F53132 /* ViewModel.swift */,
				0495E308272341AA00F53132 /* FirebaseHelper.swift */,
			);
			path = "View Models";
			sourceTree = "<group>";
		};
/* End PBXGroup section */

/* Begin PBXNativeTarget section */
		0495E2D22722F75800F53132 /* Question */ = {
			isa = PBXNativeTarget;
			buildConfigurationList = 0495E2E12722F75A00F53132 /* Build configuration list for PBXNativeTarget "Question" */;
			buildPhases = (
				0495E2CF2722F75800F53132 /* Sources */,
				0495E2D02722F75800F53132 /* Frameworks */,
				0495E2D12722F75800F53132 /* Resources */,
			);
			buildRules = (
			);
			dependencies = (
			);
			name = Question;
			packageProductDependencies = (
				0495E3022723415800F53132 /* FirebaseAnalytics */,
				0495E3062723415800F53132 /* FirebaseFirestore */,
			);
			productName = Question;
			productReference = 0495E2D32722F75800F53132 /* Question.app */;
			productType = "com.apple.product-type.application";
		};
/* End PBXNativeTarget section */

/* Begin PBXProject section */
		0495E2CB2722F75800F53132 /* Project object */ = {
			isa = PBXProject;
			attributes = {
				BuildIndependentTargetsInParallel = 1;
				LastSwiftUpdateCheck = 1300;
				LastUpgradeCheck = 1300;
				TargetAttributes = {
					0495E2D22722F75800F53132 = {
						CreatedOnToolsVersion = 13.0;
					};
				};
			};
			buildConfigurationList = 0495E2CE2722F75800F53132 /* Build configuration list for PBXProject "Question" */;
			compatibilityVersion = "Xcode 13.0";
			developmentRegion = en;
			hasScannedForEncodings = 0;
			knownRegions = (
				en,
				Base,
			);
			mainGroup = 0495E2CA2722F75800F53132;
			packageReferences = (
				0495E3012723415800F53132 /* XCRemoteSwiftPackageReference "firebase-ios-sdk" */,
			);
			productRefGroup = 0495E2D42722F75800F53132 /* Products */;
			projectDirPath = "";
			projectRoot = "";
			targets = (
				0495E2D22722F75800F53132 /* Question */,
			);
		};
/* End PBXProject section */

/* Begin PBXResourcesBuildPhase section */
		0495E2D12722F75800F53132 /* Resources */ = {
			isa = PBXResourcesBuildPhase;
			buildActionMask = 2147483647;
			files = (
				0495E2DB2722F75A00F53132 /* Assets.xcassets in Resources */,
				0495E30B2723426D00F53132 /* GoogleService-Info.plist in Resources */,
			);
			runOnlyForDeploymentPostprocessing = 0;
		};
/* End PBXResourcesBuildPhase section */

/* Begin PBXSourcesBuildPhase section */
		0495E2CF2722F75800F53132 /* Sources */ = {
			isa = PBXSourcesBuildPhase;
			buildActionMask = 2147483647;
			files = (
				0495E31A2724933000F53132 /* QuestionView.swift in Sources */,
				0495E309272341AA00F53132 /* FirebaseHelper.swift in Sources */,
				0495E2D72722F75800F53132 /* QuestionApp.swift in Sources */,
				0495E2F62722FB9300F53132 /* Answer.swift in Sources */,
				0495E2FA2722FF3300F53132 /* ViewModel.swift in Sources */,
				0495E32027254D7B00F53132 /* MyQuestionView.swift in Sources */,
				0495E31627234E0500F53132 /* User.swift in Sources */,
				0495E3182724928100F53132 /* UserView.swift in Sources */,
				0495E30D2723439800F53132 /* RootView.swift in Sources */,
				0495E2F42722F9C700F53132 /* Question.swift in Sources */,
				0495E31E2724A95D00F53132 /* RoomView.swift in Sources */,
				0495E3122723462000F53132 /* SignUpView.swift in Sources */,
				0495E31C2724A88100F53132 /* Field.swift in Sources */,
			);
			runOnlyForDeploymentPostprocessing = 0;
		};
/* End PBXSourcesBuildPhase section */

/* Begin XCBuildConfiguration section */
		0495E2DF2722F75A00F53132 /* Debug */ = {
			isa = XCBuildConfiguration;
			buildSettings = {
				ALWAYS_SEARCH_USER_PATHS = NO;
				CLANG_ANALYZER_NONNULL = YES;
				CLANG_ANALYZER_NUMBER_OBJECT_CONVERSION = YES_AGGRESSIVE;
				CLANG_CXX_LANGUAGE_STANDARD = "gnu++17";
				CLANG_CXX_LIBRARY = "libc++";
				CLANG_ENABLE_MODULES = YES;
				CLANG_ENABLE_OBJC_ARC = YES;
				CLANG_ENABLE_OBJC_WEAK = YES;
				CLANG_WARN_BLOCK_CAPTURE_AUTORELEASING = YES;
				CLANG_WARN_BOOL_CONVERSION = YES;
				CLANG_WARN_COMMA = YES;
				CLANG_WARN_CONSTANT_CONVERSION = YES;
				CLANG_WARN_DEPRECATED_OBJC_IMPLEMENTATIONS = YES;
				CLANG_WARN_DIRECT_OBJC_ISA_USAGE = YES_ERROR;
				CLANG_WARN_DOCUMENTATION_COMMENTS = YES;
				CLANG_WARN_EMPTY_BODY = YES;
				CLANG_WARN_ENUM_CONVERSION = YES;
				CLANG_WARN_INFINITE_RECURSION = YES;
				CLANG_WARN_INT_CONVERSION = YES;
				CLANG_WARN_NON_LITERAL_NULL_CONVERSION = YES;
				CLANG_WARN_OBJC_IMPLICIT_RETAIN_SELF = YES;
				CLANG_WARN_OBJC_LITERAL_CONVERSION = YES;
				CLANG_WARN_OBJC_ROOT_CLASS = YES_ERROR;
				CLANG_WARN_QUOTED_INCLUDE_IN_FRAMEWORK_HEADER = YES;
				CLANG_WARN_RANGE_LOOP_ANALYSIS = YES;
				CLANG_WARN_STRICT_PROTOTYPES = YES;
				CLANG_WARN_SUSPICIOUS_MOVE = YES;
				CLANG_WARN_UNGUARDED_AVAILABILITY = YES_AGGRESSIVE;
				CLANG_WARN_UNREACHABLE_CODE = YES;
				CLANG_WARN__DUPLICATE_METHOD_MATCH = YES;
				COPY_PHASE_STRIP = NO;
				DEBUG_INFORMATION_FORMAT = dwarf;
				ENABLE_STRICT_OBJC_MSGSEND = YES;
				ENABLE_TESTABILITY = YES;
				GCC_C_LANGUAGE_STANDARD = gnu11;
				GCC_DYNAMIC_NO_PIC = NO;
				GCC_NO_COMMON_BLOCKS = YES;
				GCC_OPTIMIZATION_LEVEL = 0;
				GCC_PREPROCESSOR_DEFINITIONS = (
					"DEBUG=1",
					"$(inherited)",
				);
				GCC_WARN_64_TO_32_BIT_CONVERSION = YES;
				GCC_WARN_ABOUT_RETURN_TYPE = YES_ERROR;
				GCC_WARN_UNDECLARED_SELECTOR = YES;
				GCC_WARN_UNINITIALIZED_AUTOS = YES_AGGRESSIVE;
				GCC_WARN_UNUSED_FUNCTION = YES;
				GCC_WARN_UNUSED_VARIABLE = YES;
				IPHONEOS_DEPLOYMENT_TARGET = 15.0;
				MTL_ENABLE_DEBUG_INFO = INCLUDE_SOURCE;
				MTL_FAST_MATH = YES;
				ONLY_ACTIVE_ARCH = YES;
				SDKROOT = iphoneos;
				SWIFT_ACTIVE_COMPILATION_CONDITIONS = DEBUG;
				SWIFT_OPTIMIZATION_LEVEL = "-Onone";
			};
			name = Debug;
		};
		0495E2E02722F75A00F53132 /* Release */ = {
			isa = XCBuildConfiguration;
			buildSettings = {
				ALWAYS_SEARCH_USER_PATHS = NO;
				CLANG_ANALYZER_NONNULL = YES;
				CLANG_ANALYZER_NUMBER_OBJECT_CONVERSION = YES_AGGRESSIVE;
				CLANG_CXX_LANGUAGE_STANDARD = "gnu++17";
				CLANG_CXX_LIBRARY = "libc++";
				CLANG_ENABLE_MODULES = YES;
				CLANG_ENABLE_OBJC_ARC = YES;
				CLANG_ENABLE_OBJC_WEAK = YES;
				CLANG_WARN_BLOCK_CAPTURE_AUTORELEASING = YES;
				CLANG_WARN_BOOL_CONVERSION = YES;
				CLANG_WARN_COMMA = YES;
				CLANG_WARN_CONSTANT_CONVERSION = YES;
				CLANG_WARN_DEPRECATED_OBJC_IMPLEMENTATIONS = YES;
				CLANG_WARN_DIRECT_OBJC_ISA_USAGE = YES_ERROR;
				CLANG_WARN_DOCUMENTATION_COMMENTS = YES;
				CLANG_WARN_EMPTY_BODY = YES;
				CLANG_WARN_ENUM_CONVERSION = YES;
				CLANG_WARN_INFINITE_RECURSION = YES;
				CLANG_WARN_INT_CONVERSION = YES;
				CLANG_WARN_NON_LITERAL_NULL_CONVERSION = YES;
				CLANG_WARN_OBJC_IMPLICIT_RETAIN_SELF = YES;
				CLANG_WARN_OBJC_LITERAL_CONVERSION = YES;
				CLANG_WARN_OBJC_ROOT_CLASS = YES_ERROR;
				CLANG_WARN_QUOTED_INCLUDE_IN_FRAMEWORK_HEADER = YES;
				CLANG_WARN_RANGE_LOOP_ANALYSIS = YES;
				CLANG_WARN_STRICT_PROTOTYPES = YES;
				CLANG_WARN_SUSPICIOUS_MOVE = YES;
				CLANG_WARN_UNGUARDED_AVAILABILITY = YES_AGGRESSIVE;
				CLANG_WARN_UNREACHABLE_CODE = YES;
				CLANG_WARN__DUPLICATE_METHOD_MATCH = YES;
				COPY_PHASE_STRIP = NO;
				DEBUG_INFORMATION_FORMAT = "dwarf-with-dsym";
				ENABLE_NS_ASSERTIONS = NO;
				ENABLE_STRICT_OBJC_MSGSEND = YES;
				GCC_C_LANGUAGE_STANDARD = gnu11;
				GCC_NO_COMMON_BLOCKS = YES;
				GCC_WARN_64_TO_32_BIT_CONVERSION = YES;
				GCC_WARN_ABOUT_RETURN_TYPE = YES_ERROR;
				GCC_WARN_UNDECLARED_SELECTOR = YES;
				GCC_WARN_UNINITIALIZED_AUTOS = YES_AGGRESSIVE;
				GCC_WARN_UNUSED_FUNCTION = YES;
				GCC_WARN_UNUSED_VARIABLE = YES;
				IPHONEOS_DEPLOYMENT_TARGET = 15.0;
				MTL_ENABLE_DEBUG_INFO = NO;
				MTL_FAST_MATH = YES;
				SDKROOT = iphoneos;
				SWIFT_COMPILATION_MODE = wholemodule;
				SWIFT_OPTIMIZATION_LEVEL = "-O";
				VALIDATE_PRODUCT = YES;
			};
			name = Release;
		};
		0495E2E22722F75A00F53132 /* Debug */ = {
			isa = XCBuildConfiguration;
			buildSettings = {
				ASSETCATALOG_COMPILER_APPICON_NAME = AppIcon;
				ASSETCATALOG_COMPILER_GLOBAL_ACCENT_COLOR_NAME = AccentColor;
				CODE_SIGN_STYLE = Automatic;
				CURRENT_PROJECT_VERSION = 1;
				DEVELOPMENT_ASSET_PATHS = "";
				DEVELOPMENT_TEAM = T4L8JBB88A;
				ENABLE_PREVIEWS = YES;
				GENERATE_INFOPLIST_FILE = YES;
				INFOPLIST_KEY_UIApplicationSceneManifest_Generation = YES;
				INFOPLIST_KEY_UIApplicationSupportsIndirectInputEvents = YES;
				INFOPLIST_KEY_UILaunchScreen_Generation = YES;
				INFOPLIST_KEY_UISupportedInterfaceOrientations_iPad = "UIInterfaceOrientationPortrait UIInterfaceOrientationPortraitUpsideDown UIInterfaceOrientationLandscapeLeft UIInterfaceOrientationLandscapeRight";
				INFOPLIST_KEY_UISupportedInterfaceOrientations_iPhone = "UIInterfaceOrientationPortrait UIInterfaceOrientationLandscapeLeft UIInterfaceOrientationLandscapeRight";
				IPHONEOS_DEPLOYMENT_TARGET = 15.0;
				LD_RUNPATH_SEARCH_PATHS = (
					"$(inherited)",
					"@executable_path/Frameworks",
				);
				MARKETING_VERSION = 1.0;
				PRODUCT_BUNDLE_IDENTIFIER = JackFinnis.Question;
				PRODUCT_NAME = "$(TARGET_NAME)";
				SWIFT_EMIT_LOC_STRINGS = YES;
				SWIFT_VERSION = 5.0;
				TARGETED_DEVICE_FAMILY = "1,2";
			};
			name = Debug;
		};
		0495E2E32722F75A00F53132 /* Release */ = {
			isa = XCBuildConfiguration;
			buildSettings = {
				ASSETCATALOG_COMPILER_APPICON_NAME = AppIcon;
				ASSETCATALOG_COMPILER_GLOBAL_ACCENT_COLOR_NAME = AccentColor;
				CODE_SIGN_STYLE = Automatic;
				CURRENT_PROJECT_VERSION = 1;
				DEVELOPMENT_ASSET_PATHS = "";
				DEVELOPMENT_TEAM = T4L8JBB88A;
				ENABLE_PREVIEWS = YES;
				GENERATE_INFOPLIST_FILE = YES;
				INFOPLIST_KEY_UIApplicationSceneManifest_Generation = YES;
				INFOPLIST_KEY_UIApplicationSupportsIndirectInputEvents = YES;
				INFOPLIST_KEY_UILaunchScreen_Generation = YES;
				INFOPLIST_KEY_UISupportedInterfaceOrientations_iPad = "UIInterfaceOrientationPortrait UIInterfaceOrientationPortraitUpsideDown UIInterfaceOrientationLandscapeLeft UIInterfaceOrientationLandscapeRight";
				INFOPLIST_KEY_UISupportedInterfaceOrientations_iPhone = "UIInterfaceOrientationPortrait UIInterfaceOrientationLandscapeLeft UIInterfaceOrientationLandscapeRight";
				IPHONEOS_DEPLOYMENT_TARGET = 15.0;
				LD_RUNPATH_SEARCH_PATHS = (
					"$(inherited)",
					"@executable_path/Frameworks",
				);
				MARKETING_VERSION = 1.0;
				PRODUCT_BUNDLE_IDENTIFIER = JackFinnis.Question;
				PRODUCT_NAME = "$(TARGET_NAME)";
				SWIFT_EMIT_LOC_STRINGS = YES;
				SWIFT_VERSION = 5.0;
				TARGETED_DEVICE_FAMILY = "1,2";
			};
			name = Release;
		};
/* End XCBuildConfiguration section */

/* Begin XCConfigurationList section */
		0495E2CE2722F75800F53132 /* Build configuration list for PBXProject "Question" */ = {
			isa = XCConfigurationList;
			buildConfigurations = (
				0495E2DF2722F75A00F53132 /* Debug */,
				0495E2E02722F75A00F53132 /* Release */,
			);
			defaultConfigurationIsVisible = 0;
			defaultConfigurationName = Release;
		};
		0495E2E12722F75A00F53132 /* Build configuration list for PBXNativeTarget "Question" */ = {
			isa = XCConfigurationList;
			buildConfigurations = (
				0495E2E22722F75A00F53132 /* Debug */,
				0495E2E32722F75A00F53132 /* Release */,
			);
			defaultConfigurationIsVisible = 0;
			defaultConfigurationName = Release;
		};
/* End XCConfigurationList section */

/* Begin XCRemoteSwiftPackageReference section */
		0495E3012723415800F53132 /* XCRemoteSwiftPackageReference "firebase-ios-sdk" */ = {
			isa = XCRemoteSwiftPackageReference;
			repositoryURL = "https://github.com/firebase/firebase-ios-sdk.git";
			requirement = {
				kind = upToNextMajorVersion;
				minimumVersion = 8.0.0;
			};
		};
/* End XCRemoteSwiftPackageReference section */

/* Begin XCSwiftPackageProductDependency section */
		0495E3022723415800F53132 /* FirebaseAnalytics */ = {
			isa = XCSwiftPackageProductDependency;
			package = 0495E3012723415800F53132 /* XCRemoteSwiftPackageReference "firebase-ios-sdk" */;
			productName = FirebaseAnalytics;
		};
		0495E3062723415800F53132 /* FirebaseFirestore */ = {
			isa = XCSwiftPackageProductDependency;
			package = 0495E3012723415800F53132 /* XCRemoteSwiftPackageReference "firebase-ios-sdk" */;
			productName = FirebaseFirestore;
		};
/* End XCSwiftPackageProductDependency section */
	};
	rootObject = 0495E2CB2722F75800F53132 /* Project object */;
}
