// !$*UTF8*$!
{
	archiveVersion = 1;
	classes = {
	};
	objectVersion = 55;
	objects = {

/* Begin PBXBuildFile section */
		0495E2D72722F75800F53132 /* QuestionApp.swift in Sources */ = {isa = PBXBuildFile; fileRef = 0495E2D62722F75800F53132 /* QuestionApp.swift */; };
		0495E2DB2722F75A00F53132 /* Assets.xcassets in Resources */ = {isa = PBXBuildFile; fileRef = 0495E2DA2722F75A00F53132 /* Assets.xcassets */; };
		0495E2F42722F9C700F53132 /* Question.swift in Sources */ = {isa = PBXBuildFile; fileRef = 0495E2F32722F9C700F53132 /* Question.swift */; };
		0495E2F62722FB9300F53132 /* Answer.swift in Sources */ = {isa = PBXBuildFile; fileRef = 0495E2F52722FB9300F53132 /* Answer.swift */; };
		0495E30B2723426D00F53132 /* GoogleService-Info.plist in Resources */ = {isa = PBXBuildFile; fileRef = 0495E30A2723426D00F53132 /* GoogleService-Info.plist */; };
		0495E3122723462000F53132 /* SignUpView.swift in Sources */ = {isa = PBXBuildFile; fileRef = 0495E3112723462000F53132 /* SignUpView.swift */; };
		0495E31627234E0500F53132 /* User.swift in Sources */ = {isa = PBXBuildFile; fileRef = 0495E31527234E0500F53132 /* User.swift */; };
		0495E3182724928100F53132 /* UserView.swift in Sources */ = {isa = PBXBuildFile; fileRef = 0495E3172724928100F53132 /* UserView.swift */; };
		0495E31A2724933000F53132 /* QuestionView.swift in Sources */ = {isa = PBXBuildFile; fileRef = 0495E3192724933000F53132 /* QuestionView.swift */; };
		0495E31E2724A95D00F53132 /* RoomView.swift in Sources */ = {isa = PBXBuildFile; fileRef = 0495E31D2724A95D00F53132 /* RoomView.swift */; };
		0495E32027254D7B00F53132 /* MyQuestionView.swift in Sources */ = {isa = PBXBuildFile; fileRef = 0495E31F27254D7B00F53132 /* MyQuestionView.swift */; };
		04B3C3B4278C3B0E000027B9 /* View.swift in Sources */ = {isa = PBXBuildFile; fileRef = 04B3C3B3278C3B0E000027B9 /* View.swift */; };
		04B3C3B7278C3D0F000027B9 /* Countdown.swift in Sources */ = {isa = PBXBuildFile; fileRef = 04B3C3B6278C3D0F000027B9 /* Countdown.swift */; };
		04B3C3BB278C5364000027B9 /* GuestRow.swift in Sources */ = {isa = PBXBuildFile; fileRef = 04B3C3BA278C5364000027B9 /* GuestRow.swift */; };
		04B3C3C2278C7FA4000027B9 /* GuestsVM.swift in Sources */ = {isa = PBXBuildFile; fileRef = 04B3C3C1278C7FA4000027B9 /* GuestsVM.swift */; };
		04B3C3C4278C8201000027B9 /* RootView.swift in Sources */ = {isa = PBXBuildFile; fileRef = 04B3C3C3278C8201000027B9 /* RootView.swift */; };
		04B3C3C6278C9840000027B9 /* DismissButton.swift in Sources */ = {isa = PBXBuildFile; fileRef = 04B3C3C5278C9840000027B9 /* DismissButton.swift */; };
		04B3C3CE278CB8CE000027B9 /* QuestionMacApp.swift in Sources */ = {isa = PBXBuildFile; fileRef = 04B3C3CD278CB8CE000027B9 /* QuestionMacApp.swift */; };
		04B3C3D2278CB8CF000027B9 /* Assets.xcassets in Resources */ = {isa = PBXBuildFile; fileRef = 04B3C3D1278CB8CF000027B9 /* Assets.xcassets */; };
		04B3C3DC278CBA3E000027B9 /* Row.swift in Sources */ = {isa = PBXBuildFile; fileRef = 04F5FF99278655B500E0EF9D /* Row.swift */; };
		04B3C3DD278CBA3E000027B9 /* AnswerUserRow.swift in Sources */ = {isa = PBXBuildFile; fileRef = 04F5FFA4278903E700E0EF9D /* AnswerUserRow.swift */; };
		04B3C3DE278CBA3E000027B9 /* ToggleShareButton.swift in Sources */ = {isa = PBXBuildFile; fileRef = 04F5FFB62789BB0400E0EF9D /* ToggleShareButton.swift */; };
		04B3C3DF278CBA3E000027B9 /* CopyButton.swift in Sources */ = {isa = PBXBuildFile; fileRef = 04F5FFCE278AFFEF00E0EF9D /* CopyButton.swift */; };
		04B3C3E0278CBA3E000027B9 /* Countdown.swift in Sources */ = {isa = PBXBuildFile; fileRef = 04B3C3B6278C3D0F000027B9 /* Countdown.swift */; };
		04B3C3E1278CBA3E000027B9 /* DismissButton.swift in Sources */ = {isa = PBXBuildFile; fileRef = 04B3C3C5278C9840000027B9 /* DismissButton.swift */; };
		04B3C3E2278CBA3E000027B9 /* RootView.swift in Sources */ = {isa = PBXBuildFile; fileRef = 04B3C3C3278C8201000027B9 /* RootView.swift */; };
		04B3C3E3278CBA3E000027B9 /* SignUpView.swift in Sources */ = {isa = PBXBuildFile; fileRef = 0495E3112723462000F53132 /* SignUpView.swift */; };
		04B3C3E4278CBA3E000027B9 /* AuthVM.swift in Sources */ = {isa = PBXBuildFile; fileRef = 04F5FF82278618D600E0EF9D /* AuthVM.swift */; };
		04B3C3E5278CBA3E000027B9 /* UserView.swift in Sources */ = {isa = PBXBuildFile; fileRef = 0495E3172724928100F53132 /* UserView.swift */; };
		04B3C3E6278CBA3E000027B9 /* UserVM.swift in Sources */ = {isa = PBXBuildFile; fileRef = 04F5FF8927861D2900E0EF9D /* UserVM.swift */; };
		04B3C3E7278CBA3E000027B9 /* RoomStatusButton.swift in Sources */ = {isa = PBXBuildFile; fileRef = 04F5FFC4278A4B4700E0EF9D /* RoomStatusButton.swift */; };
		04B3C3E8278CBA3E000027B9 /* GuestsView.swift in Sources */ = {isa = PBXBuildFile; fileRef = 04F5FFC6278A4BDD00E0EF9D /* GuestsView.swift */; };
		04B3C3E9278CBA3E000027B9 /* GuestRow.swift in Sources */ = {isa = PBXBuildFile; fileRef = 04B3C3BA278C5364000027B9 /* GuestRow.swift */; };
		04B3C3EA278CBA3E000027B9 /* GuestsVM.swift in Sources */ = {isa = PBXBuildFile; fileRef = 04B3C3C1278C7FA4000027B9 /* GuestsVM.swift */; };
		04B3C3EB278CBA3E000027B9 /* RoomView.swift in Sources */ = {isa = PBXBuildFile; fileRef = 0495E31D2724A95D00F53132 /* RoomView.swift */; };
		04B3C3EC278CBA3E000027B9 /* RoomVM.swift in Sources */ = {isa = PBXBuildFile; fileRef = 04F5FF8F27861DB100E0EF9D /* RoomVM.swift */; };
		04B3C3ED278CBA3E000027B9 /* QuestionView.swift in Sources */ = {isa = PBXBuildFile; fileRef = 0495E3192724933000F53132 /* QuestionView.swift */; };
		04B3C3EE278CBA3E000027B9 /* MyQuestionView.swift in Sources */ = {isa = PBXBuildFile; fileRef = 0495E31F27254D7B00F53132 /* MyQuestionView.swift */; };
		04B3C3EF278CBA3E000027B9 /* QuestionVM.swift in Sources */ = {isa = PBXBuildFile; fileRef = 04F5FF9627864E2200E0EF9D /* QuestionVM.swift */; };
		04B3C3F0278CBA3E000027B9 /* HapticsHelper.swift in Sources */ = {isa = PBXBuildFile; fileRef = 04F5FFCC278AFD1000E0EF9D /* HapticsHelper.swift */; };
		04B3C3F1278CBA3E000027B9 /* FirebaseHelper.swift in Sources */ = {isa = PBXBuildFile; fileRef = 04F5FF7E278613D800E0EF9D /* FirebaseHelper.swift */; };
		04B3C3F2278CBA3E000027B9 /* FormattingHelper.swift in Sources */ = {isa = PBXBuildFile; fileRef = 04F5FFB02789A19100E0EF9D /* FormattingHelper.swift */; };
		04B3C3F3278CBA3E000027B9 /* User.swift in Sources */ = {isa = PBXBuildFile; fileRef = 0495E31527234E0500F53132 /* User.swift */; };
		04B3C3F4278CBA3E000027B9 /* Question.swift in Sources */ = {isa = PBXBuildFile; fileRef = 0495E2F32722F9C700F53132 /* Question.swift */; };
		04B3C3F5278CBA3E000027B9 /* Answer.swift in Sources */ = {isa = PBXBuildFile; fileRef = 0495E2F52722FB9300F53132 /* Answer.swift */; };
		04B3C3F6278CBA3E000027B9 /* View.swift in Sources */ = {isa = PBXBuildFile; fileRef = 04B3C3B3278C3B0E000027B9 /* View.swift */; };
		04B3C3F7278CBA3E000027B9 /* SelectUserView.swift in Sources */ = {isa = PBXBuildFile; fileRef = 04F5FFBE2789D85B00E0EF9D /* SelectUserView.swift */; };
		04B3C3F8278CBA3E000027B9 /* SelectQuestionView.swift in Sources */ = {isa = PBXBuildFile; fileRef = 04F5FFB22789AA7500E0EF9D /* SelectQuestionView.swift */; };
		04B3C3F9278CBA3E000027B9 /* AnswersView.swift in Sources */ = {isa = PBXBuildFile; fileRef = 04F5FFC22789EF4F00E0EF9D /* AnswersView.swift */; };
		04B3C3FA278CBA3E000027B9 /* AnswerRow.swift in Sources */ = {isa = PBXBuildFile; fileRef = 04F5FFBA2789CCA300E0EF9D /* AnswerRow.swift */; };
		04B3C3FB278CBA3E000027B9 /* QuestionsView.swift in Sources */ = {isa = PBXBuildFile; fileRef = 04F5FFC02789EE0700E0EF9D /* QuestionsView.swift */; };
		04B3C3FC278CBA3E000027B9 /* QuestionRow.swift in Sources */ = {isa = PBXBuildFile; fileRef = 04F5FFB82789C27A00E0EF9D /* QuestionRow.swift */; };
		04C1F7C1278CC3FC00F86AEF /* GoogleService-Info.plist in Resources */ = {isa = PBXBuildFile; fileRef = 04C1F7C0278CC3FC00F86AEF /* GoogleService-Info.plist */; };
		04C1F7C4278CCA6100F86AEF /* FirebaseAnalytics in Frameworks */ = {isa = PBXBuildFile; productRef = 04C1F7C3278CCA6100F86AEF /* FirebaseAnalytics */; };
		04C1F7C6278CCA6100F86AEF /* FirebaseAuth in Frameworks */ = {isa = PBXBuildFile; productRef = 04C1F7C5278CCA6100F86AEF /* FirebaseAuth */; };
		04C1F7C8278CCA6100F86AEF /* FirebaseFirestore in Frameworks */ = {isa = PBXBuildFile; productRef = 04C1F7C7278CCA6100F86AEF /* FirebaseFirestore */; };
		04C1F7CA278CCAAC00F86AEF /* FirebaseAnalytics in Frameworks */ = {isa = PBXBuildFile; productRef = 04C1F7C9278CCAAC00F86AEF /* FirebaseAnalytics */; };
		04C1F7CC278CCAAC00F86AEF /* FirebaseAuth in Frameworks */ = {isa = PBXBuildFile; productRef = 04C1F7CB278CCAAC00F86AEF /* FirebaseAuth */; };
		04C1F7CE278CCAAC00F86AEF /* FirebaseFirestore in Frameworks */ = {isa = PBXBuildFile; productRef = 04C1F7CD278CCAAC00F86AEF /* FirebaseFirestore */; };
		04F5FF7F278613D800E0EF9D /* FirebaseHelper.swift in Sources */ = {isa = PBXBuildFile; fileRef = 04F5FF7E278613D800E0EF9D /* FirebaseHelper.swift */; };
		04F5FF83278618D600E0EF9D /* AuthVM.swift in Sources */ = {isa = PBXBuildFile; fileRef = 04F5FF82278618D600E0EF9D /* AuthVM.swift */; };
		04F5FF8A27861D2900E0EF9D /* UserVM.swift in Sources */ = {isa = PBXBuildFile; fileRef = 04F5FF8927861D2900E0EF9D /* UserVM.swift */; };
		04F5FF9027861DB100E0EF9D /* RoomVM.swift in Sources */ = {isa = PBXBuildFile; fileRef = 04F5FF8F27861DB100E0EF9D /* RoomVM.swift */; };
		04F5FF9727864E2200E0EF9D /* QuestionVM.swift in Sources */ = {isa = PBXBuildFile; fileRef = 04F5FF9627864E2200E0EF9D /* QuestionVM.swift */; };
		04F5FF9A278655B500E0EF9D /* Row.swift in Sources */ = {isa = PBXBuildFile; fileRef = 04F5FF99278655B500E0EF9D /* Row.swift */; };
		04F5FFA5278903E700E0EF9D /* AnswerUserRow.swift in Sources */ = {isa = PBXBuildFile; fileRef = 04F5FFA4278903E700E0EF9D /* AnswerUserRow.swift */; };
		04F5FFB12789A19100E0EF9D /* FormattingHelper.swift in Sources */ = {isa = PBXBuildFile; fileRef = 04F5FFB02789A19100E0EF9D /* FormattingHelper.swift */; };
		04F5FFB32789AA7500E0EF9D /* SelectQuestionView.swift in Sources */ = {isa = PBXBuildFile; fileRef = 04F5FFB22789AA7500E0EF9D /* SelectQuestionView.swift */; };
		04F5FFB72789BB0400E0EF9D /* ToggleShareButton.swift in Sources */ = {isa = PBXBuildFile; fileRef = 04F5FFB62789BB0400E0EF9D /* ToggleShareButton.swift */; };
		04F5FFB92789C27A00E0EF9D /* QuestionRow.swift in Sources */ = {isa = PBXBuildFile; fileRef = 04F5FFB82789C27A00E0EF9D /* QuestionRow.swift */; };
		04F5FFBB2789CCA300E0EF9D /* AnswerRow.swift in Sources */ = {isa = PBXBuildFile; fileRef = 04F5FFBA2789CCA300E0EF9D /* AnswerRow.swift */; };
		04F5FFBF2789D85B00E0EF9D /* SelectUserView.swift in Sources */ = {isa = PBXBuildFile; fileRef = 04F5FFBE2789D85B00E0EF9D /* SelectUserView.swift */; };
		04F5FFC12789EE0700E0EF9D /* QuestionsView.swift in Sources */ = {isa = PBXBuildFile; fileRef = 04F5FFC02789EE0700E0EF9D /* QuestionsView.swift */; };
		04F5FFC32789EF4F00E0EF9D /* AnswersView.swift in Sources */ = {isa = PBXBuildFile; fileRef = 04F5FFC22789EF4F00E0EF9D /* AnswersView.swift */; };
		04F5FFC5278A4B4700E0EF9D /* RoomStatusButton.swift in Sources */ = {isa = PBXBuildFile; fileRef = 04F5FFC4278A4B4700E0EF9D /* RoomStatusButton.swift */; };
		04F5FFC7278A4BDD00E0EF9D /* GuestsView.swift in Sources */ = {isa = PBXBuildFile; fileRef = 04F5FFC6278A4BDD00E0EF9D /* GuestsView.swift */; };
		04F5FFCD278AFD1000E0EF9D /* HapticsHelper.swift in Sources */ = {isa = PBXBuildFile; fileRef = 04F5FFCC278AFD1000E0EF9D /* HapticsHelper.swift */; };
		04F5FFCF278AFFEF00E0EF9D /* CopyButton.swift in Sources */ = {isa = PBXBuildFile; fileRef = 04F5FFCE278AFFEF00E0EF9D /* CopyButton.swift */; };
/* End PBXBuildFile section */

/* Begin PBXFileReference section */
		0495E2D32722F75800F53132 /* Question.app */ = {isa = PBXFileReference; explicitFileType = wrapper.application; includeInIndex = 0; path = Question.app; sourceTree = BUILT_PRODUCTS_DIR; };
		0495E2D62722F75800F53132 /* QuestionApp.swift */ = {isa = PBXFileReference; lastKnownFileType = sourcecode.swift; path = QuestionApp.swift; sourceTree = "<group>"; };
		0495E2DA2722F75A00F53132 /* Assets.xcassets */ = {isa = PBXFileReference; lastKnownFileType = folder.assetcatalog; path = Assets.xcassets; sourceTree = "<group>"; };
		0495E2F32722F9C700F53132 /* Question.swift */ = {isa = PBXFileReference; lastKnownFileType = sourcecode.swift; path = Question.swift; sourceTree = "<group>"; };
		0495E2F52722FB9300F53132 /* Answer.swift */ = {isa = PBXFileReference; lastKnownFileType = sourcecode.swift; path = Answer.swift; sourceTree = "<group>"; };
		0495E30A2723426D00F53132 /* GoogleService-Info.plist */ = {isa = PBXFileReference; fileEncoding = 4; lastKnownFileType = text.plist.xml; path = "GoogleService-Info.plist"; sourceTree = "<group>"; };
		0495E3112723462000F53132 /* SignUpView.swift */ = {isa = PBXFileReference; lastKnownFileType = sourcecode.swift; path = SignUpView.swift; sourceTree = "<group>"; };
		0495E31527234E0500F53132 /* User.swift */ = {isa = PBXFileReference; lastKnownFileType = sourcecode.swift; path = User.swift; sourceTree = "<group>"; };
		0495E3172724928100F53132 /* UserView.swift */ = {isa = PBXFileReference; lastKnownFileType = sourcecode.swift; path = UserView.swift; sourceTree = "<group>"; };
		0495E3192724933000F53132 /* QuestionView.swift */ = {isa = PBXFileReference; lastKnownFileType = sourcecode.swift; path = QuestionView.swift; sourceTree = "<group>"; };
		0495E31D2724A95D00F53132 /* RoomView.swift */ = {isa = PBXFileReference; lastKnownFileType = sourcecode.swift; path = RoomView.swift; sourceTree = "<group>"; };
		0495E31F27254D7B00F53132 /* MyQuestionView.swift */ = {isa = PBXFileReference; lastKnownFileType = sourcecode.swift; path = MyQuestionView.swift; sourceTree = "<group>"; };
		04B3C3B3278C3B0E000027B9 /* View.swift */ = {isa = PBXFileReference; lastKnownFileType = sourcecode.swift; path = View.swift; sourceTree = "<group>"; };
		04B3C3B6278C3D0F000027B9 /* Countdown.swift */ = {isa = PBXFileReference; lastKnownFileType = sourcecode.swift; path = Countdown.swift; sourceTree = "<group>"; };
		04B3C3BA278C5364000027B9 /* GuestRow.swift */ = {isa = PBXFileReference; lastKnownFileType = sourcecode.swift; path = GuestRow.swift; sourceTree = "<group>"; };
		04B3C3C1278C7FA4000027B9 /* GuestsVM.swift */ = {isa = PBXFileReference; lastKnownFileType = sourcecode.swift; path = GuestsVM.swift; sourceTree = "<group>"; };
		04B3C3C3278C8201000027B9 /* RootView.swift */ = {isa = PBXFileReference; lastKnownFileType = sourcecode.swift; path = RootView.swift; sourceTree = "<group>"; };
		04B3C3C5278C9840000027B9 /* DismissButton.swift */ = {isa = PBXFileReference; lastKnownFileType = sourcecode.swift; path = DismissButton.swift; sourceTree = "<group>"; };
		04B3C3CB278CB8CE000027B9 /* QuestionMac.app */ = {isa = PBXFileReference; explicitFileType = wrapper.application; includeInIndex = 0; path = QuestionMac.app; sourceTree = BUILT_PRODUCTS_DIR; };
		04B3C3CD278CB8CE000027B9 /* QuestionMacApp.swift */ = {isa = PBXFileReference; lastKnownFileType = sourcecode.swift; path = QuestionMacApp.swift; sourceTree = "<group>"; };
		04B3C3D1278CB8CF000027B9 /* Assets.xcassets */ = {isa = PBXFileReference; lastKnownFileType = folder.assetcatalog; path = Assets.xcassets; sourceTree = "<group>"; };
		04B3C3D6278CB8CF000027B9 /* QuestionMac.entitlements */ = {isa = PBXFileReference; lastKnownFileType = text.plist.entitlements; path = QuestionMac.entitlements; sourceTree = "<group>"; };
		04C1F7C0278CC3FC00F86AEF /* GoogleService-Info.plist */ = {isa = PBXFileReference; fileEncoding = 4; lastKnownFileType = text.plist.xml; path = "GoogleService-Info.plist"; sourceTree = "<group>"; };
		04F5FF7E278613D800E0EF9D /* FirebaseHelper.swift */ = {isa = PBXFileReference; fileEncoding = 4; lastKnownFileType = sourcecode.swift; path = FirebaseHelper.swift; sourceTree = "<group>"; };
		04F5FF82278618D600E0EF9D /* AuthVM.swift */ = {isa = PBXFileReference; lastKnownFileType = sourcecode.swift; path = AuthVM.swift; sourceTree = "<group>"; };
		04F5FF8927861D2900E0EF9D /* UserVM.swift */ = {isa = PBXFileReference; lastKnownFileType = sourcecode.swift; path = UserVM.swift; sourceTree = "<group>"; };
		04F5FF8F27861DB100E0EF9D /* RoomVM.swift */ = {isa = PBXFileReference; lastKnownFileType = sourcecode.swift; path = RoomVM.swift; sourceTree = "<group>"; };
		04F5FF9627864E2200E0EF9D /* QuestionVM.swift */ = {isa = PBXFileReference; lastKnownFileType = sourcecode.swift; path = QuestionVM.swift; sourceTree = "<group>"; };
		04F5FF99278655B500E0EF9D /* Row.swift */ = {isa = PBXFileReference; lastKnownFileType = sourcecode.swift; path = Row.swift; sourceTree = "<group>"; };
		04F5FFA4278903E700E0EF9D /* AnswerUserRow.swift */ = {isa = PBXFileReference; lastKnownFileType = sourcecode.swift; path = AnswerUserRow.swift; sourceTree = "<group>"; };
		04F5FFB02789A19100E0EF9D /* FormattingHelper.swift */ = {isa = PBXFileReference; fileEncoding = 4; lastKnownFileType = sourcecode.swift; path = FormattingHelper.swift; sourceTree = "<group>"; };
		04F5FFB22789AA7500E0EF9D /* SelectQuestionView.swift */ = {isa = PBXFileReference; lastKnownFileType = sourcecode.swift; path = SelectQuestionView.swift; sourceTree = "<group>"; };
		04F5FFB62789BB0400E0EF9D /* ToggleShareButton.swift */ = {isa = PBXFileReference; lastKnownFileType = sourcecode.swift; path = ToggleShareButton.swift; sourceTree = "<group>"; };
		04F5FFB82789C27A00E0EF9D /* QuestionRow.swift */ = {isa = PBXFileReference; lastKnownFileType = sourcecode.swift; path = QuestionRow.swift; sourceTree = "<group>"; };
		04F5FFBA2789CCA300E0EF9D /* AnswerRow.swift */ = {isa = PBXFileReference; lastKnownFileType = sourcecode.swift; path = AnswerRow.swift; sourceTree = "<group>"; };
		04F5FFBE2789D85B00E0EF9D /* SelectUserView.swift */ = {isa = PBXFileReference; lastKnownFileType = sourcecode.swift; path = SelectUserView.swift; sourceTree = "<group>"; };
		04F5FFC02789EE0700E0EF9D /* QuestionsView.swift */ = {isa = PBXFileReference; lastKnownFileType = sourcecode.swift; path = QuestionsView.swift; sourceTree = "<group>"; };
		04F5FFC22789EF4F00E0EF9D /* AnswersView.swift */ = {isa = PBXFileReference; lastKnownFileType = sourcecode.swift; path = AnswersView.swift; sourceTree = "<group>"; };
		04F5FFC4278A4B4700E0EF9D /* RoomStatusButton.swift */ = {isa = PBXFileReference; lastKnownFileType = sourcecode.swift; path = RoomStatusButton.swift; sourceTree = "<group>"; };
		04F5FFC6278A4BDD00E0EF9D /* GuestsView.swift */ = {isa = PBXFileReference; lastKnownFileType = sourcecode.swift; path = GuestsView.swift; sourceTree = "<group>"; };
		04F5FFCC278AFD1000E0EF9D /* HapticsHelper.swift */ = {isa = PBXFileReference; fileEncoding = 4; lastKnownFileType = sourcecode.swift; path = HapticsHelper.swift; sourceTree = "<group>"; };
		04F5FFCE278AFFEF00E0EF9D /* CopyButton.swift */ = {isa = PBXFileReference; lastKnownFileType = sourcecode.swift; path = CopyButton.swift; sourceTree = "<group>"; };
/* End PBXFileReference section */

/* Begin PBXFrameworksBuildPhase section */
		0495E2D02722F75800F53132 /* Frameworks */ = {
			isa = PBXFrameworksBuildPhase;
			buildActionMask = 2147483647;
			files = (
				04C1F7C4278CCA6100F86AEF /* FirebaseAnalytics in Frameworks */,
				04C1F7C6278CCA6100F86AEF /* FirebaseAuth in Frameworks */,
				04C1F7C8278CCA6100F86AEF /* FirebaseFirestore in Frameworks */,
			);
			runOnlyForDeploymentPostprocessing = 0;
		};
		04B3C3C8278CB8CE000027B9 /* Frameworks */ = {
			isa = PBXFrameworksBuildPhase;
			buildActionMask = 2147483647;
			files = (
				04C1F7CA278CCAAC00F86AEF /* FirebaseAnalytics in Frameworks */,
				04C1F7CC278CCAAC00F86AEF /* FirebaseAuth in Frameworks */,
				04C1F7CE278CCAAC00F86AEF /* FirebaseFirestore in Frameworks */,
			);
			runOnlyForDeploymentPostprocessing = 0;
		};
/* End PBXFrameworksBuildPhase section */

/* Begin PBXGroup section */
		0495E2CA2722F75800F53132 = {
			isa = PBXGroup;
			children = (
				0495E2D52722F75800F53132 /* Question */,
				04B3C3CC278CB8CE000027B9 /* QuestionMac */,
				0495E2D42722F75800F53132 /* Products */,
				04F5FFAA27898A1600E0EF9D /* Frameworks */,
			);
			sourceTree = "<group>";
		};
		0495E2D42722F75800F53132 /* Products */ = {
			isa = PBXGroup;
			children = (
				0495E2D32722F75800F53132 /* Question.app */,
				04B3C3CB278CB8CE000027B9 /* QuestionMac.app */,
			);
			name = Products;
			sourceTree = "<group>";
		};
		0495E2D52722F75800F53132 /* Question */ = {
			isa = PBXGroup;
			children = (
				0495E2D62722F75800F53132 /* QuestionApp.swift */,
				0495E2DA2722F75A00F53132 /* Assets.xcassets */,
				0495E30A2723426D00F53132 /* GoogleService-Info.plist */,
				04F5FF982786556F00E0EF9D /* General */,
				04F5FF9127861DC400E0EF9D /* Groups */,
				04F5FF8827861CDD00E0EF9D /* Helpers */,
				0495E2ED2722F80D00F53132 /* Models */,
				04B3C3B5278C3B12000027B9 /* Extensions */,
				04F5FFD0278B2CF900E0EF9D /* Old */,
			);
			path = Question;
			sourceTree = "<group>";
		};
		0495E2ED2722F80D00F53132 /* Models */ = {
			isa = PBXGroup;
			children = (
				0495E31527234E0500F53132 /* User.swift */,
				0495E2F32722F9C700F53132 /* Question.swift */,
				0495E2F52722FB9300F53132 /* Answer.swift */,
			);
			path = Models;
			sourceTree = "<group>";
		};
		04B3C3B5278C3B12000027B9 /* Extensions */ = {
			isa = PBXGroup;
			children = (
				04B3C3B3278C3B0E000027B9 /* View.swift */,
			);
			path = Extensions;
			sourceTree = "<group>";
		};
		04B3C3BE278C5563000027B9 /* GuestsView */ = {
			isa = PBXGroup;
			children = (
				04F5FFC4278A4B4700E0EF9D /* RoomStatusButton.swift */,
				04F5FFC6278A4BDD00E0EF9D /* GuestsView.swift */,
				04B3C3BA278C5364000027B9 /* GuestRow.swift */,
				04B3C3C1278C7FA4000027B9 /* GuestsVM.swift */,
			);
			path = GuestsView;
			sourceTree = "<group>";
		};
		04B3C3CC278CB8CE000027B9 /* QuestionMac */ = {
			isa = PBXGroup;
			children = (
				04B3C3CD278CB8CE000027B9 /* QuestionMacApp.swift */,
				04B3C3D1278CB8CF000027B9 /* Assets.xcassets */,
				04C1F7C0278CC3FC00F86AEF /* GoogleService-Info.plist */,
				04B3C3D6278CB8CF000027B9 /* QuestionMac.entitlements */,
			);
			path = QuestionMac;
			sourceTree = "<group>";
		};
		04F5FF8427861C2900E0EF9D /* Authentication */ = {
			isa = PBXGroup;
			children = (
				04B3C3C3278C8201000027B9 /* RootView.swift */,
				0495E3112723462000F53132 /* SignUpView.swift */,
				04F5FF82278618D600E0EF9D /* AuthVM.swift */,
			);
			path = Authentication;
			sourceTree = "<group>";
		};
		04F5FF8527861C5F00E0EF9D /* User */ = {
			isa = PBXGroup;
			children = (
				0495E3172724928100F53132 /* UserView.swift */,
				04F5FF8927861D2900E0EF9D /* UserVM.swift */,
			);
			path = User;
			sourceTree = "<group>";
		};
		04F5FF8727861CAF00E0EF9D /* Room */ = {
			isa = PBXGroup;
			children = (
				0495E31D2724A95D00F53132 /* RoomView.swift */,
				04F5FF8F27861DB100E0EF9D /* RoomVM.swift */,
			);
			path = Room;
			sourceTree = "<group>";
		};
		04F5FF8827861CDD00E0EF9D /* Helpers */ = {
			isa = PBXGroup;
			children = (
				04F5FFCC278AFD1000E0EF9D /* HapticsHelper.swift */,
				04F5FF7E278613D800E0EF9D /* FirebaseHelper.swift */,
				04F5FFB02789A19100E0EF9D /* FormattingHelper.swift */,
			);
			path = Helpers;
			sourceTree = "<group>";
		};
		04F5FF9127861DC400E0EF9D /* Groups */ = {
			isa = PBXGroup;
			children = (
				04F5FF8427861C2900E0EF9D /* Authentication */,
				04F5FF8527861C5F00E0EF9D /* User */,
				04B3C3BE278C5563000027B9 /* GuestsView */,
				04F5FF8727861CAF00E0EF9D /* Room */,
				04F5FF9527864E0600E0EF9D /* Question */,
			);
			path = Groups;
			sourceTree = "<group>";
		};
		04F5FF9527864E0600E0EF9D /* Question */ = {
			isa = PBXGroup;
			children = (
				0495E3192724933000F53132 /* QuestionView.swift */,
				0495E31F27254D7B00F53132 /* MyQuestionView.swift */,
				04F5FF9627864E2200E0EF9D /* QuestionVM.swift */,
			);
			path = Question;
			sourceTree = "<group>";
		};
		04F5FF982786556F00E0EF9D /* General */ = {
			isa = PBXGroup;
			children = (
				04F5FF99278655B500E0EF9D /* Row.swift */,
				04F5FFA4278903E700E0EF9D /* AnswerUserRow.swift */,
				04F5FFB62789BB0400E0EF9D /* ToggleShareButton.swift */,
				04F5FFCE278AFFEF00E0EF9D /* CopyButton.swift */,
				04B3C3B6278C3D0F000027B9 /* Countdown.swift */,
				04B3C3C5278C9840000027B9 /* DismissButton.swift */,
			);
			path = General;
			sourceTree = "<group>";
		};
		04F5FFAA27898A1600E0EF9D /* Frameworks */ = {
			isa = PBXGroup;
			children = (
			);
			name = Frameworks;
			sourceTree = "<group>";
		};
		04F5FFC8278A4FB200E0EF9D /* Join Room */ = {
			isa = PBXGroup;
			children = (
				04F5FFBE2789D85B00E0EF9D /* SelectUserView.swift */,
			);
			path = "Join Room";
			sourceTree = "<group>";
		};
		04F5FFC9278A50A700E0EF9D /* Answers */ = {
			isa = PBXGroup;
			children = (
				04F5FFC22789EF4F00E0EF9D /* AnswersView.swift */,
				04F5FFBA2789CCA300E0EF9D /* AnswerRow.swift */,
			);
			path = Answers;
			sourceTree = "<group>";
		};
		04F5FFCA278A50B400E0EF9D /* Questions */ = {
			isa = PBXGroup;
			children = (
				04F5FFC02789EE0700E0EF9D /* QuestionsView.swift */,
				04F5FFB82789C27A00E0EF9D /* QuestionRow.swift */,
			);
			path = Questions;
			sourceTree = "<group>";
		};
		04F5FFCB278A523D00E0EF9D /* New Question */ = {
			isa = PBXGroup;
			children = (
				04F5FFB22789AA7500E0EF9D /* SelectQuestionView.swift */,
			);
			path = "New Question";
			sourceTree = "<group>";
		};
		04F5FFD0278B2CF900E0EF9D /* Old */ = {
			isa = PBXGroup;
			children = (
				04F5FFC8278A4FB200E0EF9D /* Join Room */,
				04F5FFCB278A523D00E0EF9D /* New Question */,
				04F5FFC9278A50A700E0EF9D /* Answers */,
				04F5FFCA278A50B400E0EF9D /* Questions */,
			);
			path = Old;
			sourceTree = "<group>";
		};
/* End PBXGroup section */

/* Begin PBXNativeTarget section */
		0495E2D22722F75800F53132 /* Question */ = {
			isa = PBXNativeTarget;
			buildConfigurationList = 0495E2E12722F75A00F53132 /* Build configuration list for PBXNativeTarget "Question" */;
			buildPhases = (
				0495E2CF2722F75800F53132 /* Sources */,
				0495E2D02722F75800F53132 /* Frameworks */,
				0495E2D12722F75800F53132 /* Resources */,
			);
			buildRules = (
			);
			dependencies = (
			);
			name = Question;
			packageProductDependencies = (
				04C1F7C3278CCA6100F86AEF /* FirebaseAnalytics */,
				04C1F7C5278CCA6100F86AEF /* FirebaseAuth */,
				04C1F7C7278CCA6100F86AEF /* FirebaseFirestore */,
			);
			productName = Question;
			productReference = 0495E2D32722F75800F53132 /* Question.app */;
			productType = "com.apple.product-type.application";
		};
		04B3C3CA278CB8CE000027B9 /* QuestionMac */ = {
			isa = PBXNativeTarget;
			buildConfigurationList = 04B3C3D7278CB8CF000027B9 /* Build configuration list for PBXNativeTarget "QuestionMac" */;
			buildPhases = (
				04B3C3C7278CB8CE000027B9 /* Sources */,
				04B3C3C8278CB8CE000027B9 /* Frameworks */,
				04B3C3C9278CB8CE000027B9 /* Resources */,
			);
			buildRules = (
			);
			dependencies = (
			);
			name = QuestionMac;
			packageProductDependencies = (
				04C1F7C9278CCAAC00F86AEF /* FirebaseAnalytics */,
				04C1F7CB278CCAAC00F86AEF /* FirebaseAuth */,
				04C1F7CD278CCAAC00F86AEF /* FirebaseFirestore */,
			);
			productName = QuestionMac;
			productReference = 04B3C3CB278CB8CE000027B9 /* QuestionMac.app */;
			productType = "com.apple.product-type.application";
		};
/* End PBXNativeTarget section */

/* Begin PBXProject section */
		0495E2CB2722F75800F53132 /* Project object */ = {
			isa = PBXProject;
			attributes = {
				BuildIndependentTargetsInParallel = 1;
				LastSwiftUpdateCheck = 1320;
				LastUpgradeCheck = 1300;
				TargetAttributes = {
					0495E2D22722F75800F53132 = {
						CreatedOnToolsVersion = 13.0;
					};
					04B3C3CA278CB8CE000027B9 = {
						CreatedOnToolsVersion = 13.2.1;
					};
				};
			};
			buildConfigurationList = 0495E2CE2722F75800F53132 /* Build configuration list for PBXProject "Question" */;
			compatibilityVersion = "Xcode 13.0";
			developmentRegion = en;
			hasScannedForEncodings = 0;
			knownRegions = (
				en,
				Base,
			);
			mainGroup = 0495E2CA2722F75800F53132;
			packageReferences = (
				04C1F7C2278CCA6100F86AEF /* XCRemoteSwiftPackageReference "firebase-ios-sdk" */,
			);
			productRefGroup = 0495E2D42722F75800F53132 /* Products */;
			projectDirPath = "";
			projectRoot = "";
			targets = (
				0495E2D22722F75800F53132 /* Question */,
				04B3C3CA278CB8CE000027B9 /* QuestionMac */,
			);
		};
/* End PBXProject section */

/* Begin PBXResourcesBuildPhase section */
		0495E2D12722F75800F53132 /* Resources */ = {
			isa = PBXResourcesBuildPhase;
			buildActionMask = 2147483647;
			files = (
				0495E2DB2722F75A00F53132 /* Assets.xcassets in Resources */,
				0495E30B2723426D00F53132 /* GoogleService-Info.plist in Resources */,
			);
			runOnlyForDeploymentPostprocessing = 0;
		};
		04B3C3C9278CB8CE000027B9 /* Resources */ = {
			isa = PBXResourcesBuildPhase;
			buildActionMask = 2147483647;
			files = (
				04B3C3D2278CB8CF000027B9 /* Assets.xcassets in Resources */,
				04C1F7C1278CC3FC00F86AEF /* GoogleService-Info.plist in Resources */,
			);
			runOnlyForDeploymentPostprocessing = 0;
		};
/* End PBXResourcesBuildPhase section */

/* Begin PBXSourcesBuildPhase section */
		0495E2CF2722F75800F53132 /* Sources */ = {
			isa = PBXSourcesBuildPhase;
			buildActionMask = 2147483647;
			files = (
				04F5FF83278618D600E0EF9D /* AuthVM.swift in Sources */,
				04F5FFCD278AFD1000E0EF9D /* HapticsHelper.swift in Sources */,
				04B3C3B4278C3B0E000027B9 /* View.swift in Sources */,
				04F5FFCF278AFFEF00E0EF9D /* CopyButton.swift in Sources */,
				04F5FFC7278A4BDD00E0EF9D /* GuestsView.swift in Sources */,
				04F5FFBF2789D85B00E0EF9D /* SelectUserView.swift in Sources */,
				04F5FFA5278903E700E0EF9D /* AnswerUserRow.swift in Sources */,
				0495E31A2724933000F53132 /* QuestionView.swift in Sources */,
				04F5FFC32789EF4F00E0EF9D /* AnswersView.swift in Sources */,
				04B3C3BB278C5364000027B9 /* GuestRow.swift in Sources */,
				0495E2D72722F75800F53132 /* QuestionApp.swift in Sources */,
				0495E2F62722FB9300F53132 /* Answer.swift in Sources */,
				0495E32027254D7B00F53132 /* MyQuestionView.swift in Sources */,
				0495E31627234E0500F53132 /* User.swift in Sources */,
				0495E3182724928100F53132 /* UserView.swift in Sources */,
				04F5FF8A27861D2900E0EF9D /* UserVM.swift in Sources */,
				0495E2F42722F9C700F53132 /* Question.swift in Sources */,
				04F5FFBB2789CCA300E0EF9D /* AnswerRow.swift in Sources */,
				04F5FFC12789EE0700E0EF9D /* QuestionsView.swift in Sources */,
				04B3C3C4278C8201000027B9 /* RootView.swift in Sources */,
				04F5FFB32789AA7500E0EF9D /* SelectQuestionView.swift in Sources */,
				04B3C3B7278C3D0F000027B9 /* Countdown.swift in Sources */,
				04B3C3C6278C9840000027B9 /* DismissButton.swift in Sources */,
				04F5FF7F278613D800E0EF9D /* FirebaseHelper.swift in Sources */,
				04F5FFB92789C27A00E0EF9D /* QuestionRow.swift in Sources */,
				04B3C3C2278C7FA4000027B9 /* GuestsVM.swift in Sources */,
				04F5FFC5278A4B4700E0EF9D /* RoomStatusButton.swift in Sources */,
				0495E31E2724A95D00F53132 /* RoomView.swift in Sources */,
				04F5FF9027861DB100E0EF9D /* RoomVM.swift in Sources */,
				04F5FFB12789A19100E0EF9D /* FormattingHelper.swift in Sources */,
				04F5FFB72789BB0400E0EF9D /* ToggleShareButton.swift in Sources */,
				0495E3122723462000F53132 /* SignUpView.swift in Sources */,
				04F5FF9727864E2200E0EF9D /* QuestionVM.swift in Sources */,
				04F5FF9A278655B500E0EF9D /* Row.swift in Sources */,
			);
			runOnlyForDeploymentPostprocessing = 0;
		};
		04B3C3C7278CB8CE000027B9 /* Sources */ = {
			isa = PBXSourcesBuildPhase;
			buildActionMask = 2147483647;
			files = (
				04B3C3DC278CBA3E000027B9 /* Row.swift in Sources */,
				04B3C3DD278CBA3E000027B9 /* AnswerUserRow.swift in Sources */,
				04B3C3DE278CBA3E000027B9 /* ToggleShareButton.swift in Sources */,
				04B3C3DF278CBA3E000027B9 /* CopyButton.swift in Sources */,
				04B3C3E0278CBA3E000027B9 /* Countdown.swift in Sources */,
				04B3C3E1278CBA3E000027B9 /* DismissButton.swift in Sources */,
				04B3C3E2278CBA3E000027B9 /* RootView.swift in Sources */,
				04B3C3E3278CBA3E000027B9 /* SignUpView.swift in Sources */,
				04B3C3E4278CBA3E000027B9 /* AuthVM.swift in Sources */,
				04B3C3E5278CBA3E000027B9 /* UserView.swift in Sources */,
				04B3C3E6278CBA3E000027B9 /* UserVM.swift in Sources */,
				04B3C3E7278CBA3E000027B9 /* RoomStatusButton.swift in Sources */,
				04B3C3E8278CBA3E000027B9 /* GuestsView.swift in Sources */,
				04B3C3E9278CBA3E000027B9 /* GuestRow.swift in Sources */,
				04B3C3EA278CBA3E000027B9 /* GuestsVM.swift in Sources */,
				04B3C3EB278CBA3E000027B9 /* RoomView.swift in Sources */,
				04B3C3EC278CBA3E000027B9 /* RoomVM.swift in Sources */,
				04B3C3ED278CBA3E000027B9 /* QuestionView.swift in Sources */,
				04B3C3EE278CBA3E000027B9 /* MyQuestionView.swift in Sources */,
				04B3C3EF278CBA3E000027B9 /* QuestionVM.swift in Sources */,
				04B3C3F0278CBA3E000027B9 /* HapticsHelper.swift in Sources */,
				04B3C3F1278CBA3E000027B9 /* FirebaseHelper.swift in Sources */,
				04B3C3F2278CBA3E000027B9 /* FormattingHelper.swift in Sources */,
				04B3C3F3278CBA3E000027B9 /* User.swift in Sources */,
				04B3C3F4278CBA3E000027B9 /* Question.swift in Sources */,
				04B3C3F5278CBA3E000027B9 /* Answer.swift in Sources */,
				04B3C3F6278CBA3E000027B9 /* View.swift in Sources */,
				04B3C3F7278CBA3E000027B9 /* SelectUserView.swift in Sources */,
				04B3C3F8278CBA3E000027B9 /* SelectQuestionView.swift in Sources */,
				04B3C3F9278CBA3E000027B9 /* AnswersView.swift in Sources */,
				04B3C3FA278CBA3E000027B9 /* AnswerRow.swift in Sources */,
				04B3C3FB278CBA3E000027B9 /* QuestionsView.swift in Sources */,
				04B3C3FC278CBA3E000027B9 /* QuestionRow.swift in Sources */,
				04B3C3CE278CB8CE000027B9 /* QuestionMacApp.swift in Sources */,
			);
			runOnlyForDeploymentPostprocessing = 0;
		};
/* End PBXSourcesBuildPhase section */

/* Begin XCBuildConfiguration section */
		0495E2DF2722F75A00F53132 /* Debug */ = {
			isa = XCBuildConfiguration;
			buildSettings = {
				ALWAYS_SEARCH_USER_PATHS = NO;
				CLANG_ANALYZER_NONNULL = YES;
				CLANG_ANALYZER_NUMBER_OBJECT_CONVERSION = YES_AGGRESSIVE;
				CLANG_CXX_LANGUAGE_STANDARD = "gnu++17";
				CLANG_CXX_LIBRARY = "libc++";
				CLANG_ENABLE_MODULES = YES;
				CLANG_ENABLE_OBJC_ARC = YES;
				CLANG_ENABLE_OBJC_WEAK = YES;
				CLANG_WARN_BLOCK_CAPTURE_AUTORELEASING = YES;
				CLANG_WARN_BOOL_CONVERSION = YES;
				CLANG_WARN_COMMA = YES;
				CLANG_WARN_CONSTANT_CONVERSION = YES;
				CLANG_WARN_DEPRECATED_OBJC_IMPLEMENTATIONS = YES;
				CLANG_WARN_DIRECT_OBJC_ISA_USAGE = YES_ERROR;
				CLANG_WARN_DOCUMENTATION_COMMENTS = YES;
				CLANG_WARN_EMPTY_BODY = YES;
				CLANG_WARN_ENUM_CONVERSION = YES;
				CLANG_WARN_INFINITE_RECURSION = YES;
				CLANG_WARN_INT_CONVERSION = YES;
				CLANG_WARN_NON_LITERAL_NULL_CONVERSION = YES;
				CLANG_WARN_OBJC_IMPLICIT_RETAIN_SELF = YES;
				CLANG_WARN_OBJC_LITERAL_CONVERSION = YES;
				CLANG_WARN_OBJC_ROOT_CLASS = YES_ERROR;
				CLANG_WARN_QUOTED_INCLUDE_IN_FRAMEWORK_HEADER = YES;
				CLANG_WARN_RANGE_LOOP_ANALYSIS = YES;
				CLANG_WARN_STRICT_PROTOTYPES = YES;
				CLANG_WARN_SUSPICIOUS_MOVE = YES;
				CLANG_WARN_UNGUARDED_AVAILABILITY = YES_AGGRESSIVE;
				CLANG_WARN_UNREACHABLE_CODE = YES;
				CLANG_WARN__DUPLICATE_METHOD_MATCH = YES;
				COPY_PHASE_STRIP = NO;
				DEBUG_INFORMATION_FORMAT = dwarf;
				ENABLE_STRICT_OBJC_MSGSEND = YES;
				ENABLE_TESTABILITY = YES;
				GCC_C_LANGUAGE_STANDARD = gnu11;
				GCC_DYNAMIC_NO_PIC = NO;
				GCC_NO_COMMON_BLOCKS = YES;
				GCC_OPTIMIZATION_LEVEL = 0;
				GCC_PREPROCESSOR_DEFINITIONS = (
					"DEBUG=1",
					"$(inherited)",
				);
				GCC_WARN_64_TO_32_BIT_CONVERSION = YES;
				GCC_WARN_ABOUT_RETURN_TYPE = YES_ERROR;
				GCC_WARN_UNDECLARED_SELECTOR = YES;
				GCC_WARN_UNINITIALIZED_AUTOS = YES_AGGRESSIVE;
				GCC_WARN_UNUSED_FUNCTION = YES;
				GCC_WARN_UNUSED_VARIABLE = YES;
				IPHONEOS_DEPLOYMENT_TARGET = 15.0;
				MTL_ENABLE_DEBUG_INFO = INCLUDE_SOURCE;
				MTL_FAST_MATH = YES;
				ONLY_ACTIVE_ARCH = YES;
				SDKROOT = iphoneos;
				SWIFT_ACTIVE_COMPILATION_CONDITIONS = DEBUG;
				SWIFT_OPTIMIZATION_LEVEL = "-Onone";
			};
			name = Debug;
		};
		0495E2E02722F75A00F53132 /* Release */ = {
			isa = XCBuildConfiguration;
			buildSettings = {
				ALWAYS_SEARCH_USER_PATHS = NO;
				CLANG_ANALYZER_NONNULL = YES;
				CLANG_ANALYZER_NUMBER_OBJECT_CONVERSION = YES_AGGRESSIVE;
				CLANG_CXX_LANGUAGE_STANDARD = "gnu++17";
				CLANG_CXX_LIBRARY = "libc++";
				CLANG_ENABLE_MODULES = YES;
				CLANG_ENABLE_OBJC_ARC = YES;
				CLANG_ENABLE_OBJC_WEAK = YES;
				CLANG_WARN_BLOCK_CAPTURE_AUTORELEASING = YES;
				CLANG_WARN_BOOL_CONVERSION = YES;
				CLANG_WARN_COMMA = YES;
				CLANG_WARN_CONSTANT_CONVERSION = YES;
				CLANG_WARN_DEPRECATED_OBJC_IMPLEMENTATIONS = YES;
				CLANG_WARN_DIRECT_OBJC_ISA_USAGE = YES_ERROR;
				CLANG_WARN_DOCUMENTATION_COMMENTS = YES;
				CLANG_WARN_EMPTY_BODY = YES;
				CLANG_WARN_ENUM_CONVERSION = YES;
				CLANG_WARN_INFINITE_RECURSION = YES;
				CLANG_WARN_INT_CONVERSION = YES;
				CLANG_WARN_NON_LITERAL_NULL_CONVERSION = YES;
				CLANG_WARN_OBJC_IMPLICIT_RETAIN_SELF = YES;
				CLANG_WARN_OBJC_LITERAL_CONVERSION = YES;
				CLANG_WARN_OBJC_ROOT_CLASS = YES_ERROR;
				CLANG_WARN_QUOTED_INCLUDE_IN_FRAMEWORK_HEADER = YES;
				CLANG_WARN_RANGE_LOOP_ANALYSIS = YES;
				CLANG_WARN_STRICT_PROTOTYPES = YES;
				CLANG_WARN_SUSPICIOUS_MOVE = YES;
				CLANG_WARN_UNGUARDED_AVAILABILITY = YES_AGGRESSIVE;
				CLANG_WARN_UNREACHABLE_CODE = YES;
				CLANG_WARN__DUPLICATE_METHOD_MATCH = YES;
				COPY_PHASE_STRIP = NO;
				DEBUG_INFORMATION_FORMAT = "dwarf-with-dsym";
				ENABLE_NS_ASSERTIONS = NO;
				ENABLE_STRICT_OBJC_MSGSEND = YES;
				GCC_C_LANGUAGE_STANDARD = gnu11;
				GCC_NO_COMMON_BLOCKS = YES;
				GCC_WARN_64_TO_32_BIT_CONVERSION = YES;
				GCC_WARN_ABOUT_RETURN_TYPE = YES_ERROR;
				GCC_WARN_UNDECLARED_SELECTOR = YES;
				GCC_WARN_UNINITIALIZED_AUTOS = YES_AGGRESSIVE;
				GCC_WARN_UNUSED_FUNCTION = YES;
				GCC_WARN_UNUSED_VARIABLE = YES;
				IPHONEOS_DEPLOYMENT_TARGET = 15.0;
				MTL_ENABLE_DEBUG_INFO = NO;
				MTL_FAST_MATH = YES;
				ONLY_ACTIVE_ARCH = YES;
				SDKROOT = iphoneos;
				SWIFT_COMPILATION_MODE = wholemodule;
				SWIFT_OPTIMIZATION_LEVEL = "-O";
				VALIDATE_PRODUCT = YES;
			};
			name = Release;
		};
		0495E2E22722F75A00F53132 /* Debug */ = {
			isa = XCBuildConfiguration;
			buildSettings = {
				ASSETCATALOG_COMPILER_APPICON_NAME = AppIcon;
				ASSETCATALOG_COMPILER_GLOBAL_ACCENT_COLOR_NAME = AccentColor;
				CODE_SIGN_STYLE = Automatic;
				CURRENT_PROJECT_VERSION = 1;
				DEVELOPMENT_ASSET_PATHS = "";
				DEVELOPMENT_TEAM = T4L8JBB88A;
				ENABLE_PREVIEWS = YES;
				GENERATE_INFOPLIST_FILE = YES;
				INFOPLIST_KEY_CFBundleDisplayName = QuickFire;
				INFOPLIST_KEY_UIApplicationSceneManifest_Generation = YES;
				INFOPLIST_KEY_UIApplicationSupportsIndirectInputEvents = YES;
				INFOPLIST_KEY_UILaunchScreen_Generation = YES;
				INFOPLIST_KEY_UISupportedInterfaceOrientations_iPad = "UIInterfaceOrientationPortrait UIInterfaceOrientationPortraitUpsideDown UIInterfaceOrientationLandscapeLeft UIInterfaceOrientationLandscapeRight";
				INFOPLIST_KEY_UISupportedInterfaceOrientations_iPhone = "UIInterfaceOrientationPortrait UIInterfaceOrientationLandscapeLeft UIInterfaceOrientationLandscapeRight";
				IPHONEOS_DEPLOYMENT_TARGET = 15.0;
				LD_RUNPATH_SEARCH_PATHS = (
					"$(inherited)",
					"@executable_path/Frameworks",
				);
				MARKETING_VERSION = 1.0;
				PRODUCT_BUNDLE_IDENTIFIER = JackFinnis.Question;
				PRODUCT_NAME = Question;
				SWIFT_EMIT_LOC_STRINGS = YES;
				SWIFT_VERSION = 5.0;
				TARGETED_DEVICE_FAMILY = "1,2";
			};
			name = Debug;
		};
		0495E2E32722F75A00F53132 /* Release */ = {
			isa = XCBuildConfiguration;
			buildSettings = {
				ASSETCATALOG_COMPILER_APPICON_NAME = AppIcon;
				ASSETCATALOG_COMPILER_GLOBAL_ACCENT_COLOR_NAME = AccentColor;
				CODE_SIGN_STYLE = Automatic;
				CURRENT_PROJECT_VERSION = 1;
				DEVELOPMENT_ASSET_PATHS = "";
				DEVELOPMENT_TEAM = T4L8JBB88A;
				ENABLE_PREVIEWS = YES;
				GENERATE_INFOPLIST_FILE = YES;
				INFOPLIST_KEY_CFBundleDisplayName = QuickFire;
				INFOPLIST_KEY_UIApplicationSceneManifest_Generation = YES;
				INFOPLIST_KEY_UIApplicationSupportsIndirectInputEvents = YES;
				INFOPLIST_KEY_UILaunchScreen_Generation = YES;
				INFOPLIST_KEY_UISupportedInterfaceOrientations_iPad = "UIInterfaceOrientationPortrait UIInterfaceOrientationPortraitUpsideDown UIInterfaceOrientationLandscapeLeft UIInterfaceOrientationLandscapeRight";
				INFOPLIST_KEY_UISupportedInterfaceOrientations_iPhone = "UIInterfaceOrientationPortrait UIInterfaceOrientationLandscapeLeft UIInterfaceOrientationLandscapeRight";
				IPHONEOS_DEPLOYMENT_TARGET = 15.0;
				LD_RUNPATH_SEARCH_PATHS = (
					"$(inherited)",
					"@executable_path/Frameworks",
				);
				MARKETING_VERSION = 1.0;
				PRODUCT_BUNDLE_IDENTIFIER = JackFinnis.Question;
				PRODUCT_NAME = Question;
				SWIFT_EMIT_LOC_STRINGS = YES;
				SWIFT_VERSION = 5.0;
				TARGETED_DEVICE_FAMILY = "1,2";
			};
			name = Release;
		};
		04B3C3D8278CB8CF000027B9 /* Debug */ = {
			isa = XCBuildConfiguration;
			buildSettings = {
				ASSETCATALOG_COMPILER_APPICON_NAME = AppIcon;
				ASSETCATALOG_COMPILER_GLOBAL_ACCENT_COLOR_NAME = AccentColor;
				CODE_SIGN_ENTITLEMENTS = QuestionMac/QuestionMac.entitlements;
				CODE_SIGN_STYLE = Automatic;
				COMBINE_HIDPI_IMAGES = YES;
				CURRENT_PROJECT_VERSION = 1;
				DEVELOPMENT_ASSET_PATHS = "";
				DEVELOPMENT_TEAM = T4L8JBB88A;
				ENABLE_HARDENED_RUNTIME = YES;
				ENABLE_PREVIEWS = YES;
				GENERATE_INFOPLIST_FILE = YES;
				INFOPLIST_KEY_NSHumanReadableCopyright = "";
				LD_RUNPATH_SEARCH_PATHS = (
					"$(inherited)",
					"@executable_path/../Frameworks",
				);
				MACOSX_DEPLOYMENT_TARGET = 12.1;
				MARKETING_VERSION = 1.0;
				PRODUCT_BUNDLE_IDENTIFIER = JackFinnis.QuestionMac;
				PRODUCT_NAME = "$(TARGET_NAME)";
				SDKROOT = macosx;
				SWIFT_EMIT_LOC_STRINGS = YES;
				SWIFT_VERSION = 5.0;
			};
			name = Debug;
		};
		04B3C3D9278CB8CF000027B9 /* Release */ = {
			isa = XCBuildConfiguration;
			buildSettings = {
				ASSETCATALOG_COMPILER_APPICON_NAME = AppIcon;
				ASSETCATALOG_COMPILER_GLOBAL_ACCENT_COLOR_NAME = AccentColor;
				CODE_SIGN_ENTITLEMENTS = QuestionMac/QuestionMac.entitlements;
				CODE_SIGN_STYLE = Automatic;
				COMBINE_HIDPI_IMAGES = YES;
				CURRENT_PROJECT_VERSION = 1;
				DEVELOPMENT_ASSET_PATHS = "";
				DEVELOPMENT_TEAM = T4L8JBB88A;
				ENABLE_HARDENED_RUNTIME = YES;
				ENABLE_PREVIEWS = YES;
				GENERATE_INFOPLIST_FILE = YES;
				INFOPLIST_KEY_NSHumanReadableCopyright = "";
				LD_RUNPATH_SEARCH_PATHS = (
					"$(inherited)",
					"@executable_path/../Frameworks",
				);
				MACOSX_DEPLOYMENT_TARGET = 12.1;
				MARKETING_VERSION = 1.0;
				PRODUCT_BUNDLE_IDENTIFIER = JackFinnis.QuestionMac;
				PRODUCT_NAME = "$(TARGET_NAME)";
				SDKROOT = macosx;
				SWIFT_EMIT_LOC_STRINGS = YES;
				SWIFT_VERSION = 5.0;
			};
			name = Release;
		};
/* End XCBuildConfiguration section */

/* Begin XCConfigurationList section */
		0495E2CE2722F75800F53132 /* Build configuration list for PBXProject "Question" */ = {
			isa = XCConfigurationList;
			buildConfigurations = (
				0495E2DF2722F75A00F53132 /* Debug */,
				0495E2E02722F75A00F53132 /* Release */,
			);
			defaultConfigurationIsVisible = 0;
			defaultConfigurationName = Release;
		};
		0495E2E12722F75A00F53132 /* Build configuration list for PBXNativeTarget "Question" */ = {
			isa = XCConfigurationList;
			buildConfigurations = (
				0495E2E22722F75A00F53132 /* Debug */,
				0495E2E32722F75A00F53132 /* Release */,
			);
			defaultConfigurationIsVisible = 0;
			defaultConfigurationName = Release;
		};
		04B3C3D7278CB8CF000027B9 /* Build configuration list for PBXNativeTarget "QuestionMac" */ = {
			isa = XCConfigurationList;
			buildConfigurations = (
				04B3C3D8278CB8CF000027B9 /* Debug */,
				04B3C3D9278CB8CF000027B9 /* Release */,
			);
			defaultConfigurationIsVisible = 0;
			defaultConfigurationName = Release;
		};
/* End XCConfigurationList section */

/* Begin XCRemoteSwiftPackageReference section */
		04C1F7C2278CCA6100F86AEF /* XCRemoteSwiftPackageReference "firebase-ios-sdk" */ = {
			isa = XCRemoteSwiftPackageReference;
			repositoryURL = "https://github.com/firebase/firebase-ios-sdk.git";
			requirement = {
				kind = upToNextMinorVersion;
				minimumVersion = 8.9.0;
			};
		};
/* End XCRemoteSwiftPackageReference section */

/* Begin XCSwiftPackageProductDependency section */
		04C1F7C3278CCA6100F86AEF /* FirebaseAnalytics */ = {
			isa = XCSwiftPackageProductDependency;
			package = 04C1F7C2278CCA6100F86AEF /* XCRemoteSwiftPackageReference "firebase-ios-sdk" */;
			productName = FirebaseAnalytics;
		};
		04C1F7C5278CCA6100F86AEF /* FirebaseAuth */ = {
			isa = XCSwiftPackageProductDependency;
			package = 04C1F7C2278CCA6100F86AEF /* XCRemoteSwiftPackageReference "firebase-ios-sdk" */;
			productName = FirebaseAuth;
		};
		04C1F7C7278CCA6100F86AEF /* FirebaseFirestore */ = {
			isa = XCSwiftPackageProductDependency;
			package = 04C1F7C2278CCA6100F86AEF /* XCRemoteSwiftPackageReference "firebase-ios-sdk" */;
			productName = FirebaseFirestore;
		};
		04C1F7C9278CCAAC00F86AEF /* FirebaseAnalytics */ = {
			isa = XCSwiftPackageProductDependency;
			package = 04C1F7C2278CCA6100F86AEF /* XCRemoteSwiftPackageReference "firebase-ios-sdk" */;
			productName = FirebaseAnalytics;
		};
		04C1F7CB278CCAAC00F86AEF /* FirebaseAuth */ = {
			isa = XCSwiftPackageProductDependency;
			package = 04C1F7C2278CCA6100F86AEF /* XCRemoteSwiftPackageReference "firebase-ios-sdk" */;
			productName = FirebaseAuth;
		};
		04C1F7CD278CCAAC00F86AEF /* FirebaseFirestore */ = {
			isa = XCSwiftPackageProductDependency;
			package = 04C1F7C2278CCA6100F86AEF /* XCRemoteSwiftPackageReference "firebase-ios-sdk" */;
			productName = FirebaseFirestore;
		};
/* End XCSwiftPackageProductDependency section */
	};
	rootObject = 0495E2CB2722F75800F53132 /* Project object */;
}
